
Microsoft Visual Studio Solution File, Format Version 12.00
Project("{2150E333-8FDC-42A3-9474-1A3956D46DE8}") = "src", "src", "{AD96EEBD-F91B-4FBD-AAEE-CDA3C1E76289}"
EndProject
Project("{2150E333-8FDC-42A3-9474-1A3956D46DE8}") = "Services", "Services", "{7DA7279B-6CF1-4691-BFF7-446107BAE55F}"
EndProject
Project("{2150E333-8FDC-42A3-9474-1A3956D46DE8}") = "Identity", "Identity", "{3E28996F-BA18-4F87-8E7B-DC1EEB960864}"
EndProject
Project("{FAE04EC0-301F-11D3-BF4B-00C04F79EFBC}") = "JobBoard.Identity.Domain", "src\Services\Identity\JobBoard.Identity.Domain\JobBoard.Identity.Domain.csproj", "{B5FFB366-B0A3-4B09-9BD9-104EFEAE9A06}"
EndProject
Project("{FAE04EC0-301F-11D3-BF4B-00C04F79EFBC}") = "JobBoard.Identity.Infrastructure", "src\Services\Identity\JobBoard.Identity.Infrastructure\JobBoard.Identity.Infrastructure.csproj", "{E521DA9E-84CD-4315-B4D4-36910EBC0BCD}"
EndProject
Project("{FAE04EC0-301F-11D3-BF4B-00C04F79EFBC}") = "JobBoard.Identity.Application", "src\Services\Identity\JobBoard.Identity.Application\JobBoard.Identity.Application.csproj", "{C9B74D12-39AD-4632-BC4F-27C999DA92FB}"
EndProject
Project("{FAE04EC0-301F-11D3-BF4B-00C04F79EFBC}") = "JobBoard.Identity.Api", "src\Services\Identity\JobBoard.Identity.Api\JobBoard.Identity.Api.csproj", "{5B462146-2BD5-4AC7-B150-D940C9665684}"
EndProject
Project("{2150E333-8FDC-42A3-9474-1A3956D46DE8}") = "Recruitment", "Recruitment", "{5DEDFD22-84B4-4FFC-8CC6-4034E11E7CB7}"
EndProject
Project("{2150E333-8FDC-42A3-9474-1A3956D46DE8}") = "Gateways", "Gateways", "{AD803B0B-D287-451E-A417-A3071E0CF217}"
EndProject
Project("{FAE04EC0-301F-11D3-BF4B-00C04F79EFBC}") = "JobBoard.Gateway", "src\Gateways\JobBoard.Gateway\JobBoard.Gateway.csproj", "{D88833D5-94BA-4307-85FD-DB22122F170A}"
EndProject
Project("{2150E333-8FDC-42A3-9474-1A3956D46DE8}") = "Shared", "Shared", "{30DEA4BC-A9A0-475C-9B0E-FB27082D67F8}"
EndProject
Project("{FAE04EC0-301F-11D3-BF4B-00C04F79EFBC}") = "JobBoard.Shared", "src\Shared\JobBoard.Shared\JobBoard.Shared.csproj", "{395619CB-B957-4E43-A781-27F38477756B}"
EndProject
Project("{FAE04EC0-301F-11D3-BF4B-00C04F79EFBC}") = "JobBoard.Recruitment.Domain", "src\Services\Recruitment\JobBoard.Recruitment.Domain\JobBoard.Recruitment.Domain.csproj", "{0460396A-49E5-4636-8016-1CA88C5F249D}"
EndProject
Project("{FAE04EC0-301F-11D3-BF4B-00C04F79EFBC}") = "JobBoard.Recruitment.Application", "src\Services\Recruitment\JobBoard.Recruitment.Application\JobBoard.Recruitment.Application.csproj", "{3B6800E0-38FA-4128-9914-3857784F9297}"
EndProject
Project("{FAE04EC0-301F-11D3-BF4B-00C04F79EFBC}") = "JobBoard.Recruitment.Infrastructure", "src\Services\Recruitment\JobBoard.Recruitment.Infrastructure\JobBoard.Recruitment.Infrastructure.csproj", "{BD6AA2C5-6997-45D6-BE21-04DE1D63A978}"
EndProject
Project("{FAE04EC0-301F-11D3-BF4B-00C04F79EFBC}") = "JobBoard.Recruitment.Api", "src\Services\Recruitment\JobBoard.Recruitment.Api\JobBoard.Recruitment.Api.csproj", "{887988FE-8E5C-46BE-8932-0DD8297A9160}"
EndProject
Project("{2150E333-8FDC-42A3-9474-1A3956D46DE8}") = "Notification", "Notification", "{D00DD80E-BE59-4DCF-86BB-CD36D9B49745}"
EndProject
Project("{FAE04EC0-301F-11D3-BF4B-00C04F79EFBC}") = "JobBoard.Notification.Worker", "src\Services\Notification\JobBoard.Notification.Worker\JobBoard.Notification.Worker.csproj", "{4DA9192D-9A56-4DCD-BC19-1704BEF75087}"
EndProject
Project("{2150E333-8FDC-42A3-9474-1A3956D46DE8}") = "Solution Items", "Solution Items", "{4AC5AA92-4855-4B80-8506-AE07F6DEA2CF}"
	ProjectSection(SolutionItems) = preProject
		docker-compose.yaml = docker-compose.yaml
	EndProjectSection
EndProject
Project("{2150E333-8FDC-42A3-9474-1A3956D46DE8}") = "docker", "docker", "{2C5D63E4-C58B-4B3A-9D0C-B83CD91C3564}"
EndProject
Project("{2150E333-8FDC-42A3-9474-1A3956D46DE8}") = "postgres", "postgres", "{38BC1B15-6F11-470A-A903-EB6E502AD506}"
EndProject
Project("{2150E333-8FDC-42A3-9474-1A3956D46DE8}") = "rabbitmq", "rabbitmq", "{2A44E3A9-9811-4EA2-987C-9E6CAF656B78}"
EndProject
Global
	GlobalSection(SolutionConfigurationPlatforms) = preSolution
		Debug|Any CPU = Debug|Any CPU
		Release|Any CPU = Release|Any CPU
	EndGlobalSection
	GlobalSection(ProjectConfigurationPlatforms) = postSolution
		{B5FFB366-B0A3-4B09-9BD9-104EFEAE9A06}.Debug|Any CPU.ActiveCfg = Debug|Any CPU
		{B5FFB366-B0A3-4B09-9BD9-104EFEAE9A06}.Debug|Any CPU.Build.0 = Debug|Any CPU
		{B5FFB366-B0A3-4B09-9BD9-104EFEAE9A06}.Release|Any CPU.ActiveCfg = Release|Any CPU
		{B5FFB366-B0A3-4B09-9BD9-104EFEAE9A06}.Release|Any CPU.Build.0 = Release|Any CPU
		{E521DA9E-84CD-4315-B4D4-36910EBC0BCD}.Debug|Any CPU.ActiveCfg = Debug|Any CPU
		{E521DA9E-84CD-4315-B4D4-36910EBC0BCD}.Debug|Any CPU.Build.0 = Debug|Any CPU
		{E521DA9E-84CD-4315-B4D4-36910EBC0BCD}.Release|Any CPU.ActiveCfg = Release|Any CPU
		{E521DA9E-84CD-4315-B4D4-36910EBC0BCD}.Release|Any CPU.Build.0 = Release|Any CPU
		{C9B74D12-39AD-4632-BC4F-27C999DA92FB}.Debug|Any CPU.ActiveCfg = Debug|Any CPU
		{C9B74D12-39AD-4632-BC4F-27C999DA92FB}.Debug|Any CPU.Build.0 = Debug|Any CPU
		{C9B74D12-39AD-4632-BC4F-27C999DA92FB}.Release|Any CPU.ActiveCfg = Release|Any CPU
		{C9B74D12-39AD-4632-BC4F-27C999DA92FB}.Release|Any CPU.Build.0 = Release|Any CPU
		{5B462146-2BD5-4AC7-B150-D940C9665684}.Debug|Any CPU.ActiveCfg = Debug|Any CPU
		{5B462146-2BD5-4AC7-B150-D940C9665684}.Debug|Any CPU.Build.0 = Debug|Any CPU
		{5B462146-2BD5-4AC7-B150-D940C9665684}.Release|Any CPU.ActiveCfg = Release|Any CPU
		{5B462146-2BD5-4AC7-B150-D940C9665684}.Release|Any CPU.Build.0 = Release|Any CPU
		{D88833D5-94BA-4307-85FD-DB22122F170A}.Debug|Any CPU.ActiveCfg = Debug|Any CPU
		{D88833D5-94BA-4307-85FD-DB22122F170A}.Debug|Any CPU.Build.0 = Debug|Any CPU
		{D88833D5-94BA-4307-85FD-DB22122F170A}.Release|Any CPU.ActiveCfg = Release|Any CPU
		{D88833D5-94BA-4307-85FD-DB22122F170A}.Release|Any CPU.Build.0 = Release|Any CPU
		{395619CB-B957-4E43-A781-27F38477756B}.Debug|Any CPU.ActiveCfg = Debug|Any CPU
		{395619CB-B957-4E43-A781-27F38477756B}.Debug|Any CPU.Build.0 = Debug|Any CPU
		{395619CB-B957-4E43-A781-27F38477756B}.Release|Any CPU.ActiveCfg = Release|Any CPU
		{395619CB-B957-4E43-A781-27F38477756B}.Release|Any CPU.Build.0 = Release|Any CPU
		{0460396A-49E5-4636-8016-1CA88C5F249D}.Debug|Any CPU.ActiveCfg = Debug|Any CPU
		{0460396A-49E5-4636-8016-1CA88C5F249D}.Debug|Any CPU.Build.0 = Debug|Any CPU
		{0460396A-49E5-4636-8016-1CA88C5F249D}.Release|Any CPU.ActiveCfg = Release|Any CPU
		{0460396A-49E5-4636-8016-1CA88C5F249D}.Release|Any CPU.Build.0 = Release|Any CPU
		{3B6800E0-38FA-4128-9914-3857784F9297}.Debug|Any CPU.ActiveCfg = Debug|Any CPU
		{3B6800E0-38FA-4128-9914-3857784F9297}.Debug|Any CPU.Build.0 = Debug|Any CPU
		{3B6800E0-38FA-4128-9914-3857784F9297}.Release|Any CPU.ActiveCfg = Release|Any CPU
		{3B6800E0-38FA-4128-9914-3857784F9297}.Release|Any CPU.Build.0 = Release|Any CPU
		{BD6AA2C5-6997-45D6-BE21-04DE1D63A978}.Debug|Any CPU.ActiveCfg = Debug|Any CPU
		{BD6AA2C5-6997-45D6-BE21-04DE1D63A978}.Debug|Any CPU.Build.0 = Debug|Any CPU
		{BD6AA2C5-6997-45D6-BE21-04DE1D63A978}.Release|Any CPU.ActiveCfg = Release|Any CPU
		{BD6AA2C5-6997-45D6-BE21-04DE1D63A978}.Release|Any CPU.Build.0 = Release|Any CPU
		{887988FE-8E5C-46BE-8932-0DD8297A9160}.Debug|Any CPU.ActiveCfg = Debug|Any CPU
		{887988FE-8E5C-46BE-8932-0DD8297A9160}.Debug|Any CPU.Build.0 = Debug|Any CPU
		{887988FE-8E5C-46BE-8932-0DD8297A9160}.Release|Any CPU.ActiveCfg = Release|Any CPU
		{887988FE-8E5C-46BE-8932-0DD8297A9160}.Release|Any CPU.Build.0 = Release|Any CPU
		{4DA9192D-9A56-4DCD-BC19-1704BEF75087}.Debug|Any CPU.ActiveCfg = Debug|Any CPU
		{4DA9192D-9A56-4DCD-BC19-1704BEF75087}.Debug|Any CPU.Build.0 = Debug|Any CPU
		{4DA9192D-9A56-4DCD-BC19-1704BEF75087}.Release|Any CPU.ActiveCfg = Release|Any CPU
		{4DA9192D-9A56-4DCD-BC19-1704BEF75087}.Release|Any CPU.Build.0 = Release|Any CPU
	EndGlobalSection
	GlobalSection(NestedProjects) = preSolution
		{7DA7279B-6CF1-4691-BFF7-446107BAE55F} = {AD96EEBD-F91B-4FBD-AAEE-CDA3C1E76289}
		{3E28996F-BA18-4F87-8E7B-DC1EEB960864} = {7DA7279B-6CF1-4691-BFF7-446107BAE55F}
		{B5FFB366-B0A3-4B09-9BD9-104EFEAE9A06} = {3E28996F-BA18-4F87-8E7B-DC1EEB960864}
		{E521DA9E-84CD-4315-B4D4-36910EBC0BCD} = {3E28996F-BA18-4F87-8E7B-DC1EEB960864}
		{C9B74D12-39AD-4632-BC4F-27C999DA92FB} = {3E28996F-BA18-4F87-8E7B-DC1EEB960864}
		{5B462146-2BD5-4AC7-B150-D940C9665684} = {3E28996F-BA18-4F87-8E7B-DC1EEB960864}
		{5DEDFD22-84B4-4FFC-8CC6-4034E11E7CB7} = {7DA7279B-6CF1-4691-BFF7-446107BAE55F}
		{AD803B0B-D287-451E-A417-A3071E0CF217} = {AD96EEBD-F91B-4FBD-AAEE-CDA3C1E76289}
		{D88833D5-94BA-4307-85FD-DB22122F170A} = {AD803B0B-D287-451E-A417-A3071E0CF217}
		{30DEA4BC-A9A0-475C-9B0E-FB27082D67F8} = {AD96EEBD-F91B-4FBD-AAEE-CDA3C1E76289}
		{395619CB-B957-4E43-A781-27F38477756B} = {30DEA4BC-A9A0-475C-9B0E-FB27082D67F8}
		{0460396A-49E5-4636-8016-1CA88C5F249D} = {5DEDFD22-84B4-4FFC-8CC6-4034E11E7CB7}
		{3B6800E0-38FA-4128-9914-3857784F9297} = {5DEDFD22-84B4-4FFC-8CC6-4034E11E7CB7}
		{BD6AA2C5-6997-45D6-BE21-04DE1D63A978} = {5DEDFD22-84B4-4FFC-8CC6-4034E11E7CB7}
		{887988FE-8E5C-46BE-8932-0DD8297A9160} = {5DEDFD22-84B4-4FFC-8CC6-4034E11E7CB7}
		{D00DD80E-BE59-4DCF-86BB-CD36D9B49745} = {7DA7279B-6CF1-4691-BFF7-446107BAE55F}
		{4DA9192D-9A56-4DCD-BC19-1704BEF75087} = {D00DD80E-BE59-4DCF-86BB-CD36D9B49745}
		{38BC1B15-6F11-470A-A903-EB6E502AD506} = {2C5D63E4-C58B-4B3A-9D0C-B83CD91C3564}
		{2A44E3A9-9811-4EA2-987C-9E6CAF656B78} = {2C5D63E4-C58B-4B3A-9D0C-B83CD91C3564}
	EndGlobalSection
EndGlobal
